
Microsoft Visual Studio Solution File, Format Version 12.00
# Visual Studio Version 17
VisualStudioVersion = 17.0.31903.59
MinimumVisualStudioVersion = 10.0.40219.1
Project("{FAE04EC0-301F-11D3-BF4B-00C04F79EFBC}") = "TrainSwitching.Logic", "TrainSwitching.Logic\TrainSwitching.Logic.csproj", "{E8C7202C-820A-491A-BB37-8FC267F67E87}"
EndProject
Project("{FAE04EC0-301F-11D3-BF4B-00C04F79EFBC}") = "TrainSwitching.Tests", "TrainSwitching.Tests\TrainSwitching.Tests.csproj", "{58F89220-809D-4897-AD16-DB259F641AB2}"
EndProject
Global
	GlobalSection(SolutionConfigurationPlatforms) = preSolution
		Debug|Any CPU = Debug|Any CPU
		Release|Any CPU = Release|Any CPU
	EndGlobalSection
	GlobalSection(SolutionProperties) = preSolution
		HideSolutionNode = FALSE
	EndGlobalSection
	GlobalSection(ProjectConfigurationPlatforms) = postSolution
		{E8C7202C-820A-491A-BB37-8FC267F67E87}.Debug|Any CPU.ActiveCfg = Debug|Any CPU
		{E8C7202C-820A-491A-BB37-8FC267F67E87}.Debug|Any CPU.Build.0 = Debug|Any CPU
		{E8C7202C-820A-491A-BB37-8FC267F67E87}.Release|Any CPU.ActiveCfg = Release|Any CPU
		{E8C7202C-820A-491A-BB37-8FC267F67E87}.Release|Any CPU.Build.0 = Release|Any CPU
		{58F89220-809D-4897-AD16-DB259F641AB2}.Debug|Any CPU.ActiveCfg = Debug|Any CPU
		{58F89220-809D-4897-AD16-DB259F641AB2}.Debug|Any CPU.Build.0 = Debug|Any CPU
		{58F89220-809D-4897-AD16-DB259F641AB2}.Release|Any CPU.ActiveCfg = Release|Any CPU
		{58F89220-809D-4897-AD16-DB259F641AB2}.Release|Any CPU.Build.0 = Release|Any CPU
	EndGlobalSection
EndGlobal
