
Microsoft Visual Studio Solution File, Format Version 12.00
# Visual Studio Version 17
VisualStudioVersion = 17.5.002.0
MinimumVisualStudioVersion = 10.0.40219.1
Project("{9A19103F-16F7-4668-BE54-9A1E7A4F7556}") = "BasicOpenAI", "BasicOpenAI.csproj", "{14020D50-2252-4595-8A17-A61D07AB9506}"
EndProject
Global
	GlobalSection(SolutionConfigurationPlatforms) = preSolution
		Debug|Any CPU = Debug|Any CPU
		Release|Any CPU = Release|Any CPU
	EndGlobalSection
	GlobalSection(ProjectConfigurationPlatforms) = postSolution
		{14020D50-2252-4595-8A17-A61D07AB9506}.Debug|Any CPU.ActiveCfg = Debug|Any CPU
		{14020D50-2252-4595-8A17-A61D07AB9506}.Debug|Any CPU.Build.0 = Debug|Any CPU
		{14020D50-2252-4595-8A17-A61D07AB9506}.Release|Any CPU.ActiveCfg = Release|Any CPU
		{14020D50-2252-4595-8A17-A61D07AB9506}.Release|Any CPU.Build.0 = Release|Any CPU
	EndGlobalSection
	GlobalSection(SolutionProperties) = preSolution
		HideSolutionNode = FALSE
	EndGlobalSection
	GlobalSection(ExtensibilityGlobals) = postSolution
		SolutionGuid = {15DF1870-C88A-41C1-92C1-54620EA23A21}
	EndGlobalSection
EndGlobal
